
Microsoft Visual Studio Solution File, Format Version 12.00
# Visual Studio 15
VisualStudioVersion = 15.0.27004.2006
MinimumVisualStudioVersion = 10.0.40219.1
Project("{2150E333-8FDC-42A3-9474-1A3956D46DE8}") = ".nuget", ".nuget", "{AED4F8E8-3CBC-4775-82B6-1B68DB01EF53}"
	ProjectSection(SolutionItems) = preProject
		.nuget\NuGet.Config = .nuget\NuGet.Config
		.nuget\NuGet.exe = .nuget\NuGet.exe
		.nuget\NuGet.targets = .nuget\NuGet.targets
	EndProjectSection
EndProject
Project("{2150E333-8FDC-42A3-9474-1A3956D46DE8}") = "Solution Items", "Solution Items", "{BE054235-D079-4DD0-A8C8-C1E710768294}"
	ProjectSection(SolutionItems) = preProject
		README.md = README.md
		SharedAssemblyInfo.cs = SharedAssemblyInfo.cs
	EndProjectSection
EndProject
Project("{FAE04EC0-301F-11D3-BF4B-00C04F79EFBC}") = "Umbraco.Pylon", "Umbraco.Pylon\Umbraco.Pylon.csproj", "{A6DE1436-3748-4181-BCE2-062D1B581B2D}"
EndProject
Project("{FAE04EC0-301F-11D3-BF4B-00C04F79EFBC}") = "Umbraco.Pylon.Autofac", "Umbraco.Pylon.Autofac\Umbraco.Pylon.Autofac.csproj", "{A6DE1436-3748-4181-BCE2-062D1B581B3E}"
EndProject
Project("{FAE04EC0-301F-11D3-BF4B-00C04F79EFBC}") = "Umbraco.Pylon.Ninject", "Umbraco.Pylon.Ninject\Umbraco.Pylon.Ninject.csproj", "{A6DE1436-3748-4181-BCE2-062D1B581B4F}"
EndProject
Project("{2150E333-8FDC-42A3-9474-1A3956D46DE8}") = "reference", "reference", "{229C70DB-BDE9-4806-86A5-4DBC5AD3F0D0}"
EndProject
Project("{FAE04EC0-301F-11D3-BF4B-00C04F79EFBC}") = "EmptyUmbracoWebApp", "EmptyUmbracoWebApp\EmptyUmbracoWebApp.csproj", "{E64DAED4-D0EB-4034-AB66-8FD411C3F962}"
EndProject
Global
	GlobalSection(SolutionConfigurationPlatforms) = preSolution
		Debug|Any CPU = Debug|Any CPU
		Release|Any CPU = Release|Any CPU
	EndGlobalSection
	GlobalSection(ProjectConfigurationPlatforms) = postSolution
		{A6DE1436-3748-4181-BCE2-062D1B581B2D}.Debug|Any CPU.ActiveCfg = Debug|Any CPU
		{A6DE1436-3748-4181-BCE2-062D1B581B2D}.Debug|Any CPU.Build.0 = Debug|Any CPU
		{A6DE1436-3748-4181-BCE2-062D1B581B2D}.Release|Any CPU.ActiveCfg = Release|Any CPU
		{A6DE1436-3748-4181-BCE2-062D1B581B2D}.Release|Any CPU.Build.0 = Release|Any CPU
		{A6DE1436-3748-4181-BCE2-062D1B581B3E}.Debug|Any CPU.ActiveCfg = Debug|Any CPU
		{A6DE1436-3748-4181-BCE2-062D1B581B3E}.Debug|Any CPU.Build.0 = Debug|Any CPU
		{A6DE1436-3748-4181-BCE2-062D1B581B3E}.Release|Any CPU.ActiveCfg = Release|Any CPU
		{A6DE1436-3748-4181-BCE2-062D1B581B3E}.Release|Any CPU.Build.0 = Release|Any CPU
		{A6DE1436-3748-4181-BCE2-062D1B581B4F}.Debug|Any CPU.ActiveCfg = Debug|Any CPU
		{A6DE1436-3748-4181-BCE2-062D1B581B4F}.Debug|Any CPU.Build.0 = Debug|Any CPU
		{A6DE1436-3748-4181-BCE2-062D1B581B4F}.Release|Any CPU.ActiveCfg = Release|Any CPU
		{A6DE1436-3748-4181-BCE2-062D1B581B4F}.Release|Any CPU.Build.0 = Release|Any CPU
		{E64DAED4-D0EB-4034-AB66-8FD411C3F962}.Debug|Any CPU.ActiveCfg = Debug|Any CPU
		{E64DAED4-D0EB-4034-AB66-8FD411C3F962}.Debug|Any CPU.Build.0 = Debug|Any CPU
		{E64DAED4-D0EB-4034-AB66-8FD411C3F962}.Release|Any CPU.ActiveCfg = Release|Any CPU
		{E64DAED4-D0EB-4034-AB66-8FD411C3F962}.Release|Any CPU.Build.0 = Release|Any CPU
	EndGlobalSection
	GlobalSection(SolutionProperties) = preSolution
		HideSolutionNode = FALSE
	EndGlobalSection
	GlobalSection(NestedProjects) = preSolution
		{E64DAED4-D0EB-4034-AB66-8FD411C3F962} = {229C70DB-BDE9-4806-86A5-4DBC5AD3F0D0}
	EndGlobalSection
	GlobalSection(ExtensibilityGlobals) = postSolution
		SolutionGuid = {93F3EDBB-64B0-490A-A543-35015A2514C8}
	EndGlobalSection
EndGlobal
